{
    "version": 3,
    "terraform_version": "0.8.2",
    "serial": 8,
    "lineage": "caa9a9ee-1685-4c1b-8b95-f8746d27c95d",
    "modules": [
        {
            "path": [
                "root"
            ],
            "outputs": {},
            "resources": {},
            "depends_on": []
        },
        {
            "path": [
                "root",
                "ec2_instance"
            ],
            "outputs": {
                "ec2_instance_id": {
                    "sensitive": false,
                    "type": "string",
                    "value": "i-0b37afefc7c95aa7a"
                }
            },
            "resources": {
                "aws_instance.ec2_instance": {
                    "type": "aws_instance",
                    "depends_on": [
                        "data.template_file.kubeetcd"
                    ],
                    "primary": {
                        "id": "i-0b37afefc7c95aa7a",
                        "attributes": {
                            "ami": "ami-f8aaf09d",
                            "associate_public_ip_address": "true",
                            "availability_zone": "us-east-2c",
                            "disable_api_termination": "false",
                            "ebs_block_device.#": "0",
                            "ebs_optimized": "false",
                            "ephemeral_block_device.#": "0",
                            "iam_instance_profile": "",
                            "id": "i-0b37afefc7c95aa7a",
                            "instance_state": "running",
                            "instance_type": "t2.micro",
                            "key_name": "terraform",
                            "monitoring": "false",
                            "network_interface_id": "eni-7d9e3630",
                            "private_dns": "ip-172-31-38-253.us-east-2.compute.internal",
                            "private_ip": "172.31.38.253",
                            "public_dns": "ec2-52-14-41-122.us-east-2.compute.amazonaws.com",
                            "public_ip": "52.14.41.122",
                            "root_block_device.#": "1",
                            "root_block_device.0.delete_on_termination": "true",
                            "root_block_device.0.iops": "0",
                            "root_block_device.0.volume_size": "8",
                            "root_block_device.0.volume_type": "standard",
                            "security_groups.#": "0",
                            "source_dest_check": "true",
                            "subnet_id": "subnet-31030d7b",
                            "tags.%": "2",
                            "tags.Name": "CoreOS-Test-0",
                            "tags.created_by": "terraform",
                            "tenancy": "default",
                            "user_data": "e7e6836bbb071a53e2ebf27e9543522b1937ea9f",
                            "vpc_security_group_ids.#": "1",
                            "vpc_security_group_ids.200061954": "sg-68da7b01"
                        },
                        "meta": {
                            "schema_version": "1"
                        },
                        "tainted": false
                    },
                    "deposed": [],
                    "provider": ""
                },
                "aws_key_pair.auth": {
                    "type": "aws_key_pair",
                    "depends_on": [],
                    "primary": {
                        "id": "terraform",
                        "attributes": {
                            "id": "terraform",
                            "key_name": "terraform",
                            "public_key": "ssh-rsa AAAAB3NzaC1yc2EAAAADAQABAAABAQCjwM5C+60iwwPY6IEb3Y4D2tWQqfF9wnOGYVRlOnJkpsAIq4kGMoC9zaH1Ydmfe4tvMRQ6sHv2FecyfGpMQZoNVf7ZHyxclSUndyPFzUsrkCAKhiFcjN0rd5Aqv63Cm3zDDkmnVZ7bSKymJBQyU8U6c9Wxr/qG8EDNFAPE7g30tZ2cQlqEsgI+A/ABR+EmwWTVIw5V3LJEiFFz9Um0wxlfZyFf+LuasjaC4YmLV/qmewiIWPMmzElzHmiajCZ6mJQ7eP9kdpTCucITMBILRSLvTZxQvnYjhdbrRjMUikv9SwXf8A0cYYCPo0cXI5pjYac+eKEFXFv83WRlLUUCWQq/ absdevopscx@Abduls-MBP"
                        },
                        "meta": {
                            "schema_version": "1"
                        },
                        "tainted": false
                    },
                    "deposed": [],
                    "provider": ""
                },
                "data.template_file.kubeetcd": {
                    "type": "template_file",
                    "depends_on": [],
                    "primary": {
                        "id": "d6a795654b7f228df23a1356e5f3f892f4046db8720d25033b31a27e55e29b1d",
                        "attributes": {
                            "id": "d6a795654b7f228df23a1356e5f3f892f4046db8720d25033b31a27e55e29b1d",
                            "rendered": "#cloud-config\n\ncoreos:\n  etcd2:\n    advertise-client-urls: http://$private_ipv4:2379\n    initial-advertise-peer-urls: http://$private_ipv4:2380\n    listen-client-urls: http://0.0.0.0:2379,http://0.0.0.0:4001\n    listen-peer-urls: http://$private_ipv4:2380\n    discovery: helloworld\n  units:\n    - name: etcd2.service\n      command: start\n    - name: fleet.service\n      command: start\n",
                            "template": "#cloud-config\n\ncoreos:\n  etcd2:\n    advertise-client-urls: http://$private_ipv4:2379\n    initial-advertise-peer-urls: http://$private_ipv4:2380\n    listen-client-urls: http://0.0.0.0:2379,http://0.0.0.0:4001\n    listen-peer-urls: http://$private_ipv4:2380\n    discovery: ${etcdurl}\n  units:\n    - name: etcd2.service\n      command: start\n    - name: fleet.service\n      command: start\n",
                            "vars.%": "1",
                            "vars.etcdurl": "helloworld"
                        },
                        "meta": {},
                        "tainted": false
                    },
                    "deposed": [],
                    "provider": ""
                }
            },
            "depends_on": []
        }
    ]
}
